
Microsoft Visual Studio Solution File, Format Version 12.00
# Visual Studio Version 17
VisualStudioVersion = 17.5.002.0
MinimumVisualStudioVersion = 10.0.40219.1
Project("{9A19103F-16F7-4668-BE54-9A1E7A4F7556}") = "first project", "first project\first project.csproj", "{437D0BA1-6C20-45E2-9A39-17FCE55AA293}"
EndProject
Project("{FAE04EC0-301F-11D3-BF4B-00C04F79EFBC}") = "project 2", "project 2\project 2.csproj", "{6B457737-8C97-4100-B46F-377E4E858F03}"
EndProject
Project("{2150E333-8FDC-42A3-9474-1A3956D46DE8}") = "Day1", "Day1", "{369E2FD5-74D8-4AA4-BBFB-74230EBE84B2}"
EndProject
Project("{FAE04EC0-301F-11D3-BF4B-00C04F79EFBC}") = "Kumi", "Kumi\Kumi.csproj", "{34AEF19C-4D41-4E30-A193-F85DC42247A9}"
EndProject
Project("{FAE04EC0-301F-11D3-BF4B-00C04F79EFBC}") = "Home", "Home\Home.csproj", "{047501B8-2604-4F24-AD34-818D8B4D2B7E}"
EndProject
Project("{FAE04EC0-301F-11D3-BF4B-00C04F79EFBC}") = "Cat", "Cat\Cat.csproj", "{51786FA9-8664-411B-8650-4CF18E29B094}"
EndProject
Project("{FAE04EC0-301F-11D3-BF4B-00C04F79EFBC}") = "Calculator", "Calculator\Calculator.csproj", "{1128E50A-1B2A-40CE-96AA-4C5A4891AC67}"
EndProject
Project("{2150E333-8FDC-42A3-9474-1A3956D46DE8}") = "Day2", "Day2", "{A9AA89F3-F56C-4CAB-AB6A-BEDB32575448}"
EndProject
Project("{FAE04EC0-301F-11D3-BF4B-00C04F79EFBC}") = "Constractor", "Constractor\Constractor.csproj", "{CFCCE0F6-BC47-4C82-8685-39D5586AD0BA}"
EndProject
Project("{FAE04EC0-301F-11D3-BF4B-00C04F79EFBC}") = "Constructor Default", "Constructor Default\Constructor Default.csproj", "{33F818FE-05A1-4006-8CCF-594EBFBB7805}"
EndProject
Project("{FAE04EC0-301F-11D3-BF4B-00C04F79EFBC}") = "Composition", "Composition\Composition.csproj", "{42579A58-A5F2-47EA-BF2C-806AD5C298B9}"
EndProject
Global
	GlobalSection(SolutionConfigurationPlatforms) = preSolution
		Debug|Any CPU = Debug|Any CPU
		Release|Any CPU = Release|Any CPU
	EndGlobalSection
	GlobalSection(ProjectConfigurationPlatforms) = postSolution
		{437D0BA1-6C20-45E2-9A39-17FCE55AA293}.Debug|Any CPU.ActiveCfg = Debug|Any CPU
		{437D0BA1-6C20-45E2-9A39-17FCE55AA293}.Debug|Any CPU.Build.0 = Debug|Any CPU
		{437D0BA1-6C20-45E2-9A39-17FCE55AA293}.Release|Any CPU.ActiveCfg = Release|Any CPU
		{437D0BA1-6C20-45E2-9A39-17FCE55AA293}.Release|Any CPU.Build.0 = Release|Any CPU
		{6B457737-8C97-4100-B46F-377E4E858F03}.Debug|Any CPU.ActiveCfg = Debug|Any CPU
		{6B457737-8C97-4100-B46F-377E4E858F03}.Debug|Any CPU.Build.0 = Debug|Any CPU
		{6B457737-8C97-4100-B46F-377E4E858F03}.Release|Any CPU.ActiveCfg = Release|Any CPU
		{6B457737-8C97-4100-B46F-377E4E858F03}.Release|Any CPU.Build.0 = Release|Any CPU
		{34AEF19C-4D41-4E30-A193-F85DC42247A9}.Debug|Any CPU.ActiveCfg = Debug|Any CPU
		{34AEF19C-4D41-4E30-A193-F85DC42247A9}.Debug|Any CPU.Build.0 = Debug|Any CPU
		{34AEF19C-4D41-4E30-A193-F85DC42247A9}.Release|Any CPU.ActiveCfg = Release|Any CPU
		{34AEF19C-4D41-4E30-A193-F85DC42247A9}.Release|Any CPU.Build.0 = Release|Any CPU
		{047501B8-2604-4F24-AD34-818D8B4D2B7E}.Debug|Any CPU.ActiveCfg = Debug|Any CPU
		{047501B8-2604-4F24-AD34-818D8B4D2B7E}.Debug|Any CPU.Build.0 = Debug|Any CPU
		{047501B8-2604-4F24-AD34-818D8B4D2B7E}.Release|Any CPU.ActiveCfg = Release|Any CPU
		{047501B8-2604-4F24-AD34-818D8B4D2B7E}.Release|Any CPU.Build.0 = Release|Any CPU
		{51786FA9-8664-411B-8650-4CF18E29B094}.Debug|Any CPU.ActiveCfg = Debug|Any CPU
		{51786FA9-8664-411B-8650-4CF18E29B094}.Debug|Any CPU.Build.0 = Debug|Any CPU
		{51786FA9-8664-411B-8650-4CF18E29B094}.Release|Any CPU.ActiveCfg = Release|Any CPU
		{51786FA9-8664-411B-8650-4CF18E29B094}.Release|Any CPU.Build.0 = Release|Any CPU
		{1128E50A-1B2A-40CE-96AA-4C5A4891AC67}.Debug|Any CPU.ActiveCfg = Debug|Any CPU
		{1128E50A-1B2A-40CE-96AA-4C5A4891AC67}.Debug|Any CPU.Build.0 = Debug|Any CPU
		{1128E50A-1B2A-40CE-96AA-4C5A4891AC67}.Release|Any CPU.ActiveCfg = Release|Any CPU
		{1128E50A-1B2A-40CE-96AA-4C5A4891AC67}.Release|Any CPU.Build.0 = Release|Any CPU
		{CFCCE0F6-BC47-4C82-8685-39D5586AD0BA}.Debug|Any CPU.ActiveCfg = Debug|Any CPU
		{CFCCE0F6-BC47-4C82-8685-39D5586AD0BA}.Debug|Any CPU.Build.0 = Debug|Any CPU
		{CFCCE0F6-BC47-4C82-8685-39D5586AD0BA}.Release|Any CPU.ActiveCfg = Release|Any CPU
		{CFCCE0F6-BC47-4C82-8685-39D5586AD0BA}.Release|Any CPU.Build.0 = Release|Any CPU
		{33F818FE-05A1-4006-8CCF-594EBFBB7805}.Debug|Any CPU.ActiveCfg = Debug|Any CPU
		{33F818FE-05A1-4006-8CCF-594EBFBB7805}.Debug|Any CPU.Build.0 = Debug|Any CPU
		{33F818FE-05A1-4006-8CCF-594EBFBB7805}.Release|Any CPU.ActiveCfg = Release|Any CPU
		{33F818FE-05A1-4006-8CCF-594EBFBB7805}.Release|Any CPU.Build.0 = Release|Any CPU
		{42579A58-A5F2-47EA-BF2C-806AD5C298B9}.Debug|Any CPU.ActiveCfg = Debug|Any CPU
		{42579A58-A5F2-47EA-BF2C-806AD5C298B9}.Debug|Any CPU.Build.0 = Debug|Any CPU
		{42579A58-A5F2-47EA-BF2C-806AD5C298B9}.Release|Any CPU.ActiveCfg = Release|Any CPU
		{42579A58-A5F2-47EA-BF2C-806AD5C298B9}.Release|Any CPU.Build.0 = Release|Any CPU
	EndGlobalSection
	GlobalSection(SolutionProperties) = preSolution
		HideSolutionNode = FALSE
	EndGlobalSection
	GlobalSection(ExtensibilityGlobals) = postSolution
		SolutionGuid = {604CFC4D-5CF0-4EBF-BB1C-C5DDB6A078DC}
	EndGlobalSection
	GlobalSection(NestedProjects) = preSolution
		{42579A58-A5F2-47EA-BF2C-806AD5C298B9} = {A9AA89F3-F56C-4CAB-AB6A-BEDB32575448}
		{33F818FE-05A1-4006-8CCF-594EBFBB7805} = {A9AA89F3-F56C-4CAB-AB6A-BEDB32575448}
		{CFCCE0F6-BC47-4C82-8685-39D5586AD0BA} = {A9AA89F3-F56C-4CAB-AB6A-BEDB32575448}
		{34AEF19C-4D41-4E30-A193-F85DC42247A9} = {369E2FD5-74D8-4AA4-BBFB-74230EBE84B2}
		{047501B8-2604-4F24-AD34-818D8B4D2B7E} = {369E2FD5-74D8-4AA4-BBFB-74230EBE84B2}
		{51786FA9-8664-411B-8650-4CF18E29B094} = {369E2FD5-74D8-4AA4-BBFB-74230EBE84B2}
		{1128E50A-1B2A-40CE-96AA-4C5A4891AC67} = {A9AA89F3-F56C-4CAB-AB6A-BEDB32575448}
		{6B457737-8C97-4100-B46F-377E4E858F03} = {369E2FD5-74D8-4AA4-BBFB-74230EBE84B2}
		{437D0BA1-6C20-45E2-9A39-17FCE55AA293} = {369E2FD5-74D8-4AA4-BBFB-74230EBE84B2}
	EndGlobalSection
EndGlobal
