
Microsoft Visual Studio Solution File, Format Version 12.00
# Visual Studio Version 17
VisualStudioVersion = 17.5.002.0
MinimumVisualStudioVersion = 10.0.40219.1
Project("{9A19103F-16F7-4668-BE54-9A1E7A4F7556}") = "first project", "first project\first project.csproj", "{437D0BA1-6C20-45E2-9A39-17FCE55AA293}"
EndProject
Project("{FAE04EC0-301F-11D3-BF4B-00C04F79EFBC}") = "project 2", "project 2\project 2.csproj", "{6B457737-8C97-4100-B46F-377E4E858F03}"
EndProject
Project("{2150E333-8FDC-42A3-9474-1A3956D46DE8}") = "Day1", "Day1", "{369E2FD5-74D8-4AA4-BBFB-74230EBE84B2}"
EndProject
Project("{FAE04EC0-301F-11D3-BF4B-00C04F79EFBC}") = "Kumi", "Kumi\Kumi.csproj", "{34AEF19C-4D41-4E30-A193-F85DC42247A9}"
EndProject
Project("{FAE04EC0-301F-11D3-BF4B-00C04F79EFBC}") = "Home", "Home\Home.csproj", "{047501B8-2604-4F24-AD34-818D8B4D2B7E}"
EndProject
Project("{FAE04EC0-301F-11D3-BF4B-00C04F79EFBC}") = "Cat", "Cat\Cat.csproj", "{51786FA9-8664-411B-8650-4CF18E29B094}"
EndProject
Project("{FAE04EC0-301F-11D3-BF4B-00C04F79EFBC}") = "Calculator", "Calculator\Calculator.csproj", "{1128E50A-1B2A-40CE-96AA-4C5A4891AC67}"
EndProject
Project("{2150E333-8FDC-42A3-9474-1A3956D46DE8}") = "Day2", "Day2", "{A9AA89F3-F56C-4CAB-AB6A-BEDB32575448}"
EndProject
Project("{FAE04EC0-301F-11D3-BF4B-00C04F79EFBC}") = "Constractor", "Constractor\Constractor.csproj", "{CFCCE0F6-BC47-4C82-8685-39D5586AD0BA}"
EndProject
Project("{FAE04EC0-301F-11D3-BF4B-00C04F79EFBC}") = "Constructor Default", "Constructor Default\Constructor Default.csproj", "{33F818FE-05A1-4006-8CCF-594EBFBB7805}"
EndProject
Project("{FAE04EC0-301F-11D3-BF4B-00C04F79EFBC}") = "Composition", "Composition\Composition.csproj", "{42579A58-A5F2-47EA-BF2C-806AD5C298B9}"
EndProject
Project("{2150E333-8FDC-42A3-9474-1A3956D46DE8}") = "Day3", "Day3", "{CA583FF5-19B5-4A48-86D7-0EC73C95B1E5}"
EndProject
Project("{FAE04EC0-301F-11D3-BF4B-00C04F79EFBC}") = "Inheritance", "Inheritance\Inheritance.csproj", "{E00044A6-5814-43BA-B27C-4475CA16037A}"
EndProject
Project("{FAE04EC0-301F-11D3-BF4B-00C04F79EFBC}") = "Inheritance2", "Inheritance2\Inheritance2.csproj", "{B74903D2-6DF2-46C8-B56C-C6AFEA48EF08}"
EndProject
Project("{FAE04EC0-301F-11D3-BF4B-00C04F79EFBC}") = "Inheritance composition", "Inheritance3\Inheritance3.csproj", "{F5AE2F7D-41E5-463A-A82F-81FD38242B2D}"
EndProject
Project("{FAE04EC0-301F-11D3-BF4B-00C04F79EFBC}") = "Inheritance Composition", "Inheritance Composition\Inheritance Composition.csproj", "{342F6480-3E23-4E4B-9E6E-0AE9C677A8A7}"
EndProject
Project("{FAE04EC0-301F-11D3-BF4B-00C04F79EFBC}") = "Inheritance Exercise", "Inheritance Exercise\Inheritance Exercise.csproj", "{0F05A2B1-326B-437A-96D3-ACC5155E12C1}"
EndProject
Project("{2150E333-8FDC-42A3-9474-1A3956D46DE8}") = "Day4", "Day4", "{0FE48645-0EE6-42C0-97F2-0E76C9951C82}"
EndProject
Project("{FAE04EC0-301F-11D3-BF4B-00C04F79EFBC}") = "Encapsulation", "Encapsulation\Encapsulation.csproj", "{9A81EC29-300D-4772-802B-3D13F0B97BB2}"
EndProject
Project("{FAE04EC0-301F-11D3-BF4B-00C04F79EFBC}") = "EncapsulationPrivate", "Encapsulation Private\Encapsulation Private.csproj", "{0A90D1F7-7F64-4ACD-B383-11278952C75C}"
EndProject
Project("{FAE04EC0-301F-11D3-BF4B-00C04F79EFBC}") = "EncapsulationPrivate", "Encapsulation_Private\EncapsulationPrivate.csproj", "{5B1E10C2-C229-4AC6-8A2C-4DBD28930A17}"
EndProject
Project("{FAE04EC0-301F-11D3-BF4B-00C04F79EFBC}") = "Encapsulation_Internal", "Encapsulation_Internal\Encapsulation_Internal.csproj", "{BF713EA3-0D56-43EC-88E5-44CCF5C74A9E}"
EndProject
Project("{FAE04EC0-301F-11D3-BF4B-00C04F79EFBC}") = "Encapsulation_Int2", "Encapsulation_Int2\Encapsulation_Int2.csproj", "{225C2EFB-D7E9-4A16-B9D8-C81A08F3597B}"
EndProject
Project("{FAE04EC0-301F-11D3-BF4B-00C04F79EFBC}") = "Polymorphism_Overriding", "Polymorphism_Overriding\Polymorphism_Overriding.csproj", "{94764D4D-F4B5-4CCF-827B-0333AF69E2BB}"
EndProject
Project("{FAE04EC0-301F-11D3-BF4B-00C04F79EFBC}") = "Polymorphism_Overriding2", "Polymorphism_Overriding2\Polymorphism_Overriding2.csproj", "{CD356112-6328-4435-A4BD-2141123C3021}"
EndProject
Project("{FAE04EC0-301F-11D3-BF4B-00C04F79EFBC}") = "Polymorphism_Overloading", "Polymorphism_Overloading\Polymorphism_Overloading.csproj", "{3275DFEA-74A4-404E-8E99-B16AA2338C6D}"
EndProject
Project("{2150E333-8FDC-42A3-9474-1A3956D46DE8}") = "Day5", "Day5", "{EBD9B513-4728-4818-B6E4-563189BF6BA3}"
EndProject
Project("{FAE04EC0-301F-11D3-BF4B-00C04F79EFBC}") = "Reference_Value_Type", "Reference_Value_Type\Reference_Value_Type.csproj", "{6FA8BBD1-8947-4ED7-BD8E-35AF96ACC708}"
EndProject
Project("{FAE04EC0-301F-11D3-BF4B-00C04F79EFBC}") = "Reference_Type", "Reference_Type\Reference_Type.csproj", "{65779CD7-FC08-4700-8CB6-53BC4D3969FF}"
EndProject
Project("{FAE04EC0-301F-11D3-BF4B-00C04F79EFBC}") = "Value_Type", "Value_Type\Value_Type.csproj", "{F4FAA417-CF3C-4AA2-B7AB-8E323A79378C}"
EndProject
Project("{FAE04EC0-301F-11D3-BF4B-00C04F79EFBC}") = "Abstraction_Abstract", "Abstraction_Abstract\Abstraction_Abstract.csproj", "{8792E97B-B40B-4C59-B7E8-E5CF5F9BE34B}"
EndProject
Project("{FAE04EC0-301F-11D3-BF4B-00C04F79EFBC}") = "Abstraction_Abstract2", "Abstraction_Abstract2\Abstraction_Abstract2.csproj", "{F7D8DDBA-645D-402C-9D48-6B667F45744A}"
EndProject
Project("{FAE04EC0-301F-11D3-BF4B-00C04F79EFBC}") = "Abstraction_Question", "Abstraction_Question\Abstraction_Question.csproj", "{EF36B481-7473-417B-AB68-C62A37F54D55}"
EndProject
Project("{FAE04EC0-301F-11D3-BF4B-00C04F79EFBC}") = "Abstraction_Interface", "Abstraction_Interface\Abstraction_Interface.csproj", "{CBB2DC06-91C2-408D-AF5C-6BE467A0946D}"
EndProject
Project("{2150E333-8FDC-42A3-9474-1A3956D46DE8}") = "Day6", "Day6", "{8E271BB2-03C3-40F6-A5FC-F00C5DE49A65}"
EndProject
Project("{FAE04EC0-301F-11D3-BF4B-00C04F79EFBC}") = "Property", "Property\Property.csproj", "{8EF8C756-380B-44BB-BCFA-E968B26E13E4}"
EndProject
Project("{FAE04EC0-301F-11D3-BF4B-00C04F79EFBC}") = "Property2", "Property2\Property2.csproj", "{2E336CA7-4DE1-45EA-928C-9D7E8BCFE929}"
EndProject
Project("{FAE04EC0-301F-11D3-BF4B-00C04F79EFBC}") = "Double_Type", "Double_Type\Double_Type.csproj", "{734D2A39-64D9-4B6C-8957-46E9950EE23D}"
EndProject
Project("{FAE04EC0-301F-11D3-BF4B-00C04F79EFBC}") = "Static", "Static\Static.csproj", "{470A67F8-BEAD-492E-A17A-D8DBBCD37327}"
EndProject
Project("{FAE04EC0-301F-11D3-BF4B-00C04F79EFBC}") = "Var", "Var\Var.csproj", "{B49D6AC8-7AB4-40D5-80AA-F742002FE4A7}"
EndProject
Project("{FAE04EC0-301F-11D3-BF4B-00C04F79EFBC}") = "Object", "Object\Object.csproj", "{F1D679E6-AA11-4283-B493-E532FBD5BA2B}"
EndProject
Project("{FAE04EC0-301F-11D3-BF4B-00C04F79EFBC}") = "Ref", "Ref\Ref.csproj", "{D9F11D1C-FA9F-4E7D-BDEF-4DCD9D0AC517}"
EndProject
Global
	GlobalSection(SolutionConfigurationPlatforms) = preSolution
		Debug|Any CPU = Debug|Any CPU
		Release|Any CPU = Release|Any CPU
	EndGlobalSection
	GlobalSection(ProjectConfigurationPlatforms) = postSolution
		{437D0BA1-6C20-45E2-9A39-17FCE55AA293}.Debug|Any CPU.ActiveCfg = Debug|Any CPU
		{437D0BA1-6C20-45E2-9A39-17FCE55AA293}.Debug|Any CPU.Build.0 = Debug|Any CPU
		{437D0BA1-6C20-45E2-9A39-17FCE55AA293}.Release|Any CPU.ActiveCfg = Release|Any CPU
		{437D0BA1-6C20-45E2-9A39-17FCE55AA293}.Release|Any CPU.Build.0 = Release|Any CPU
		{6B457737-8C97-4100-B46F-377E4E858F03}.Debug|Any CPU.ActiveCfg = Debug|Any CPU
		{6B457737-8C97-4100-B46F-377E4E858F03}.Debug|Any CPU.Build.0 = Debug|Any CPU
		{6B457737-8C97-4100-B46F-377E4E858F03}.Release|Any CPU.ActiveCfg = Release|Any CPU
		{6B457737-8C97-4100-B46F-377E4E858F03}.Release|Any CPU.Build.0 = Release|Any CPU
		{34AEF19C-4D41-4E30-A193-F85DC42247A9}.Debug|Any CPU.ActiveCfg = Debug|Any CPU
		{34AEF19C-4D41-4E30-A193-F85DC42247A9}.Debug|Any CPU.Build.0 = Debug|Any CPU
		{34AEF19C-4D41-4E30-A193-F85DC42247A9}.Release|Any CPU.ActiveCfg = Release|Any CPU
		{34AEF19C-4D41-4E30-A193-F85DC42247A9}.Release|Any CPU.Build.0 = Release|Any CPU
		{047501B8-2604-4F24-AD34-818D8B4D2B7E}.Debug|Any CPU.ActiveCfg = Debug|Any CPU
		{047501B8-2604-4F24-AD34-818D8B4D2B7E}.Debug|Any CPU.Build.0 = Debug|Any CPU
		{047501B8-2604-4F24-AD34-818D8B4D2B7E}.Release|Any CPU.ActiveCfg = Release|Any CPU
		{047501B8-2604-4F24-AD34-818D8B4D2B7E}.Release|Any CPU.Build.0 = Release|Any CPU
		{51786FA9-8664-411B-8650-4CF18E29B094}.Debug|Any CPU.ActiveCfg = Debug|Any CPU
		{51786FA9-8664-411B-8650-4CF18E29B094}.Debug|Any CPU.Build.0 = Debug|Any CPU
		{51786FA9-8664-411B-8650-4CF18E29B094}.Release|Any CPU.ActiveCfg = Release|Any CPU
		{51786FA9-8664-411B-8650-4CF18E29B094}.Release|Any CPU.Build.0 = Release|Any CPU
		{1128E50A-1B2A-40CE-96AA-4C5A4891AC67}.Debug|Any CPU.ActiveCfg = Debug|Any CPU
		{1128E50A-1B2A-40CE-96AA-4C5A4891AC67}.Debug|Any CPU.Build.0 = Debug|Any CPU
		{1128E50A-1B2A-40CE-96AA-4C5A4891AC67}.Release|Any CPU.ActiveCfg = Release|Any CPU
		{1128E50A-1B2A-40CE-96AA-4C5A4891AC67}.Release|Any CPU.Build.0 = Release|Any CPU
		{CFCCE0F6-BC47-4C82-8685-39D5586AD0BA}.Debug|Any CPU.ActiveCfg = Debug|Any CPU
		{CFCCE0F6-BC47-4C82-8685-39D5586AD0BA}.Debug|Any CPU.Build.0 = Debug|Any CPU
		{CFCCE0F6-BC47-4C82-8685-39D5586AD0BA}.Release|Any CPU.ActiveCfg = Release|Any CPU
		{CFCCE0F6-BC47-4C82-8685-39D5586AD0BA}.Release|Any CPU.Build.0 = Release|Any CPU
		{33F818FE-05A1-4006-8CCF-594EBFBB7805}.Debug|Any CPU.ActiveCfg = Debug|Any CPU
		{33F818FE-05A1-4006-8CCF-594EBFBB7805}.Debug|Any CPU.Build.0 = Debug|Any CPU
		{33F818FE-05A1-4006-8CCF-594EBFBB7805}.Release|Any CPU.ActiveCfg = Release|Any CPU
		{33F818FE-05A1-4006-8CCF-594EBFBB7805}.Release|Any CPU.Build.0 = Release|Any CPU
		{42579A58-A5F2-47EA-BF2C-806AD5C298B9}.Debug|Any CPU.ActiveCfg = Debug|Any CPU
		{42579A58-A5F2-47EA-BF2C-806AD5C298B9}.Debug|Any CPU.Build.0 = Debug|Any CPU
		{42579A58-A5F2-47EA-BF2C-806AD5C298B9}.Release|Any CPU.ActiveCfg = Release|Any CPU
		{42579A58-A5F2-47EA-BF2C-806AD5C298B9}.Release|Any CPU.Build.0 = Release|Any CPU
		{E00044A6-5814-43BA-B27C-4475CA16037A}.Debug|Any CPU.ActiveCfg = Debug|Any CPU
		{E00044A6-5814-43BA-B27C-4475CA16037A}.Debug|Any CPU.Build.0 = Debug|Any CPU
		{E00044A6-5814-43BA-B27C-4475CA16037A}.Release|Any CPU.ActiveCfg = Release|Any CPU
		{E00044A6-5814-43BA-B27C-4475CA16037A}.Release|Any CPU.Build.0 = Release|Any CPU
		{B74903D2-6DF2-46C8-B56C-C6AFEA48EF08}.Debug|Any CPU.ActiveCfg = Debug|Any CPU
		{B74903D2-6DF2-46C8-B56C-C6AFEA48EF08}.Debug|Any CPU.Build.0 = Debug|Any CPU
		{B74903D2-6DF2-46C8-B56C-C6AFEA48EF08}.Release|Any CPU.ActiveCfg = Release|Any CPU
		{B74903D2-6DF2-46C8-B56C-C6AFEA48EF08}.Release|Any CPU.Build.0 = Release|Any CPU
		{F5AE2F7D-41E5-463A-A82F-81FD38242B2D}.Debug|Any CPU.ActiveCfg = Debug|Any CPU
		{F5AE2F7D-41E5-463A-A82F-81FD38242B2D}.Debug|Any CPU.Build.0 = Debug|Any CPU
		{F5AE2F7D-41E5-463A-A82F-81FD38242B2D}.Release|Any CPU.ActiveCfg = Release|Any CPU
		{F5AE2F7D-41E5-463A-A82F-81FD38242B2D}.Release|Any CPU.Build.0 = Release|Any CPU
		{342F6480-3E23-4E4B-9E6E-0AE9C677A8A7}.Debug|Any CPU.ActiveCfg = Debug|Any CPU
		{342F6480-3E23-4E4B-9E6E-0AE9C677A8A7}.Debug|Any CPU.Build.0 = Debug|Any CPU
		{342F6480-3E23-4E4B-9E6E-0AE9C677A8A7}.Release|Any CPU.ActiveCfg = Release|Any CPU
		{342F6480-3E23-4E4B-9E6E-0AE9C677A8A7}.Release|Any CPU.Build.0 = Release|Any CPU
		{0F05A2B1-326B-437A-96D3-ACC5155E12C1}.Debug|Any CPU.ActiveCfg = Debug|Any CPU
		{0F05A2B1-326B-437A-96D3-ACC5155E12C1}.Debug|Any CPU.Build.0 = Debug|Any CPU
		{0F05A2B1-326B-437A-96D3-ACC5155E12C1}.Release|Any CPU.ActiveCfg = Release|Any CPU
		{0F05A2B1-326B-437A-96D3-ACC5155E12C1}.Release|Any CPU.Build.0 = Release|Any CPU
		{9A81EC29-300D-4772-802B-3D13F0B97BB2}.Debug|Any CPU.ActiveCfg = Debug|Any CPU
		{9A81EC29-300D-4772-802B-3D13F0B97BB2}.Debug|Any CPU.Build.0 = Debug|Any CPU
		{9A81EC29-300D-4772-802B-3D13F0B97BB2}.Release|Any CPU.ActiveCfg = Release|Any CPU
		{9A81EC29-300D-4772-802B-3D13F0B97BB2}.Release|Any CPU.Build.0 = Release|Any CPU
		{0A90D1F7-7F64-4ACD-B383-11278952C75C}.Debug|Any CPU.ActiveCfg = Debug|Any CPU
		{0A90D1F7-7F64-4ACD-B383-11278952C75C}.Debug|Any CPU.Build.0 = Debug|Any CPU
		{0A90D1F7-7F64-4ACD-B383-11278952C75C}.Release|Any CPU.ActiveCfg = Release|Any CPU
		{0A90D1F7-7F64-4ACD-B383-11278952C75C}.Release|Any CPU.Build.0 = Release|Any CPU
		{5B1E10C2-C229-4AC6-8A2C-4DBD28930A17}.Debug|Any CPU.ActiveCfg = Debug|Any CPU
		{5B1E10C2-C229-4AC6-8A2C-4DBD28930A17}.Debug|Any CPU.Build.0 = Debug|Any CPU
		{5B1E10C2-C229-4AC6-8A2C-4DBD28930A17}.Release|Any CPU.ActiveCfg = Release|Any CPU
		{5B1E10C2-C229-4AC6-8A2C-4DBD28930A17}.Release|Any CPU.Build.0 = Release|Any CPU
		{BF713EA3-0D56-43EC-88E5-44CCF5C74A9E}.Debug|Any CPU.ActiveCfg = Debug|Any CPU
		{BF713EA3-0D56-43EC-88E5-44CCF5C74A9E}.Debug|Any CPU.Build.0 = Debug|Any CPU
		{BF713EA3-0D56-43EC-88E5-44CCF5C74A9E}.Release|Any CPU.ActiveCfg = Release|Any CPU
		{BF713EA3-0D56-43EC-88E5-44CCF5C74A9E}.Release|Any CPU.Build.0 = Release|Any CPU
		{225C2EFB-D7E9-4A16-B9D8-C81A08F3597B}.Debug|Any CPU.ActiveCfg = Debug|Any CPU
		{225C2EFB-D7E9-4A16-B9D8-C81A08F3597B}.Debug|Any CPU.Build.0 = Debug|Any CPU
		{225C2EFB-D7E9-4A16-B9D8-C81A08F3597B}.Release|Any CPU.ActiveCfg = Release|Any CPU
		{225C2EFB-D7E9-4A16-B9D8-C81A08F3597B}.Release|Any CPU.Build.0 = Release|Any CPU
		{94764D4D-F4B5-4CCF-827B-0333AF69E2BB}.Debug|Any CPU.ActiveCfg = Debug|Any CPU
		{94764D4D-F4B5-4CCF-827B-0333AF69E2BB}.Debug|Any CPU.Build.0 = Debug|Any CPU
		{94764D4D-F4B5-4CCF-827B-0333AF69E2BB}.Release|Any CPU.ActiveCfg = Release|Any CPU
		{94764D4D-F4B5-4CCF-827B-0333AF69E2BB}.Release|Any CPU.Build.0 = Release|Any CPU
		{CD356112-6328-4435-A4BD-2141123C3021}.Debug|Any CPU.ActiveCfg = Debug|Any CPU
		{CD356112-6328-4435-A4BD-2141123C3021}.Debug|Any CPU.Build.0 = Debug|Any CPU
		{CD356112-6328-4435-A4BD-2141123C3021}.Release|Any CPU.ActiveCfg = Release|Any CPU
		{CD356112-6328-4435-A4BD-2141123C3021}.Release|Any CPU.Build.0 = Release|Any CPU
		{3275DFEA-74A4-404E-8E99-B16AA2338C6D}.Debug|Any CPU.ActiveCfg = Debug|Any CPU
		{3275DFEA-74A4-404E-8E99-B16AA2338C6D}.Debug|Any CPU.Build.0 = Debug|Any CPU
		{3275DFEA-74A4-404E-8E99-B16AA2338C6D}.Release|Any CPU.ActiveCfg = Release|Any CPU
		{3275DFEA-74A4-404E-8E99-B16AA2338C6D}.Release|Any CPU.Build.0 = Release|Any CPU
		{6FA8BBD1-8947-4ED7-BD8E-35AF96ACC708}.Debug|Any CPU.ActiveCfg = Debug|Any CPU
		{6FA8BBD1-8947-4ED7-BD8E-35AF96ACC708}.Debug|Any CPU.Build.0 = Debug|Any CPU
		{6FA8BBD1-8947-4ED7-BD8E-35AF96ACC708}.Release|Any CPU.ActiveCfg = Release|Any CPU
		{6FA8BBD1-8947-4ED7-BD8E-35AF96ACC708}.Release|Any CPU.Build.0 = Release|Any CPU
		{65779CD7-FC08-4700-8CB6-53BC4D3969FF}.Debug|Any CPU.ActiveCfg = Debug|Any CPU
		{65779CD7-FC08-4700-8CB6-53BC4D3969FF}.Debug|Any CPU.Build.0 = Debug|Any CPU
		{65779CD7-FC08-4700-8CB6-53BC4D3969FF}.Release|Any CPU.ActiveCfg = Release|Any CPU
		{65779CD7-FC08-4700-8CB6-53BC4D3969FF}.Release|Any CPU.Build.0 = Release|Any CPU
		{F4FAA417-CF3C-4AA2-B7AB-8E323A79378C}.Debug|Any CPU.ActiveCfg = Debug|Any CPU
		{F4FAA417-CF3C-4AA2-B7AB-8E323A79378C}.Debug|Any CPU.Build.0 = Debug|Any CPU
		{F4FAA417-CF3C-4AA2-B7AB-8E323A79378C}.Release|Any CPU.ActiveCfg = Release|Any CPU
		{F4FAA417-CF3C-4AA2-B7AB-8E323A79378C}.Release|Any CPU.Build.0 = Release|Any CPU
		{8792E97B-B40B-4C59-B7E8-E5CF5F9BE34B}.Debug|Any CPU.ActiveCfg = Debug|Any CPU
		{8792E97B-B40B-4C59-B7E8-E5CF5F9BE34B}.Debug|Any CPU.Build.0 = Debug|Any CPU
		{8792E97B-B40B-4C59-B7E8-E5CF5F9BE34B}.Release|Any CPU.ActiveCfg = Release|Any CPU
		{8792E97B-B40B-4C59-B7E8-E5CF5F9BE34B}.Release|Any CPU.Build.0 = Release|Any CPU
		{F7D8DDBA-645D-402C-9D48-6B667F45744A}.Debug|Any CPU.ActiveCfg = Debug|Any CPU
		{F7D8DDBA-645D-402C-9D48-6B667F45744A}.Debug|Any CPU.Build.0 = Debug|Any CPU
		{F7D8DDBA-645D-402C-9D48-6B667F45744A}.Release|Any CPU.ActiveCfg = Release|Any CPU
		{F7D8DDBA-645D-402C-9D48-6B667F45744A}.Release|Any CPU.Build.0 = Release|Any CPU
		{EF36B481-7473-417B-AB68-C62A37F54D55}.Debug|Any CPU.ActiveCfg = Debug|Any CPU
		{EF36B481-7473-417B-AB68-C62A37F54D55}.Debug|Any CPU.Build.0 = Debug|Any CPU
		{EF36B481-7473-417B-AB68-C62A37F54D55}.Release|Any CPU.ActiveCfg = Release|Any CPU
		{EF36B481-7473-417B-AB68-C62A37F54D55}.Release|Any CPU.Build.0 = Release|Any CPU
		{CBB2DC06-91C2-408D-AF5C-6BE467A0946D}.Debug|Any CPU.ActiveCfg = Debug|Any CPU
		{CBB2DC06-91C2-408D-AF5C-6BE467A0946D}.Debug|Any CPU.Build.0 = Debug|Any CPU
		{CBB2DC06-91C2-408D-AF5C-6BE467A0946D}.Release|Any CPU.ActiveCfg = Release|Any CPU
		{CBB2DC06-91C2-408D-AF5C-6BE467A0946D}.Release|Any CPU.Build.0 = Release|Any CPU
		{8EF8C756-380B-44BB-BCFA-E968B26E13E4}.Debug|Any CPU.ActiveCfg = Debug|Any CPU
		{8EF8C756-380B-44BB-BCFA-E968B26E13E4}.Debug|Any CPU.Build.0 = Debug|Any CPU
		{8EF8C756-380B-44BB-BCFA-E968B26E13E4}.Release|Any CPU.ActiveCfg = Release|Any CPU
		{8EF8C756-380B-44BB-BCFA-E968B26E13E4}.Release|Any CPU.Build.0 = Release|Any CPU
		{2E336CA7-4DE1-45EA-928C-9D7E8BCFE929}.Debug|Any CPU.ActiveCfg = Debug|Any CPU
		{2E336CA7-4DE1-45EA-928C-9D7E8BCFE929}.Debug|Any CPU.Build.0 = Debug|Any CPU
		{2E336CA7-4DE1-45EA-928C-9D7E8BCFE929}.Release|Any CPU.ActiveCfg = Release|Any CPU
		{2E336CA7-4DE1-45EA-928C-9D7E8BCFE929}.Release|Any CPU.Build.0 = Release|Any CPU
		{734D2A39-64D9-4B6C-8957-46E9950EE23D}.Debug|Any CPU.ActiveCfg = Debug|Any CPU
		{734D2A39-64D9-4B6C-8957-46E9950EE23D}.Debug|Any CPU.Build.0 = Debug|Any CPU
		{734D2A39-64D9-4B6C-8957-46E9950EE23D}.Release|Any CPU.ActiveCfg = Release|Any CPU
		{734D2A39-64D9-4B6C-8957-46E9950EE23D}.Release|Any CPU.Build.0 = Release|Any CPU
		{470A67F8-BEAD-492E-A17A-D8DBBCD37327}.Debug|Any CPU.ActiveCfg = Debug|Any CPU
		{470A67F8-BEAD-492E-A17A-D8DBBCD37327}.Debug|Any CPU.Build.0 = Debug|Any CPU
		{470A67F8-BEAD-492E-A17A-D8DBBCD37327}.Release|Any CPU.ActiveCfg = Release|Any CPU
		{470A67F8-BEAD-492E-A17A-D8DBBCD37327}.Release|Any CPU.Build.0 = Release|Any CPU
		{B49D6AC8-7AB4-40D5-80AA-F742002FE4A7}.Debug|Any CPU.ActiveCfg = Debug|Any CPU
		{B49D6AC8-7AB4-40D5-80AA-F742002FE4A7}.Debug|Any CPU.Build.0 = Debug|Any CPU
		{B49D6AC8-7AB4-40D5-80AA-F742002FE4A7}.Release|Any CPU.ActiveCfg = Release|Any CPU
		{B49D6AC8-7AB4-40D5-80AA-F742002FE4A7}.Release|Any CPU.Build.0 = Release|Any CPU
		{F1D679E6-AA11-4283-B493-E532FBD5BA2B}.Debug|Any CPU.ActiveCfg = Debug|Any CPU
		{F1D679E6-AA11-4283-B493-E532FBD5BA2B}.Debug|Any CPU.Build.0 = Debug|Any CPU
		{F1D679E6-AA11-4283-B493-E532FBD5BA2B}.Release|Any CPU.ActiveCfg = Release|Any CPU
		{F1D679E6-AA11-4283-B493-E532FBD5BA2B}.Release|Any CPU.Build.0 = Release|Any CPU
		{D9F11D1C-FA9F-4E7D-BDEF-4DCD9D0AC517}.Debug|Any CPU.ActiveCfg = Debug|Any CPU
		{D9F11D1C-FA9F-4E7D-BDEF-4DCD9D0AC517}.Debug|Any CPU.Build.0 = Debug|Any CPU
		{D9F11D1C-FA9F-4E7D-BDEF-4DCD9D0AC517}.Release|Any CPU.ActiveCfg = Release|Any CPU
		{D9F11D1C-FA9F-4E7D-BDEF-4DCD9D0AC517}.Release|Any CPU.Build.0 = Release|Any CPU
	EndGlobalSection
	GlobalSection(SolutionProperties) = preSolution
		HideSolutionNode = FALSE
	EndGlobalSection
	GlobalSection(ExtensibilityGlobals) = postSolution
		SolutionGuid = {604CFC4D-5CF0-4EBF-BB1C-C5DDB6A078DC}
	EndGlobalSection
	GlobalSection(NestedProjects) = preSolution
		{F1D679E6-AA11-4283-B493-E532FBD5BA2B} = {8E271BB2-03C3-40F6-A5FC-F00C5DE49A65}
		{B49D6AC8-7AB4-40D5-80AA-F742002FE4A7} = {8E271BB2-03C3-40F6-A5FC-F00C5DE49A65}
		{470A67F8-BEAD-492E-A17A-D8DBBCD37327} = {8E271BB2-03C3-40F6-A5FC-F00C5DE49A65}
		{734D2A39-64D9-4B6C-8957-46E9950EE23D} = {8E271BB2-03C3-40F6-A5FC-F00C5DE49A65}
		{2E336CA7-4DE1-45EA-928C-9D7E8BCFE929} = {2E336CA7-4DE1-45EA-928C-9D7E8BCFE929}
		{8EF8C756-380B-44BB-BCFA-E968B26E13E4} = {8E271BB2-03C3-40F6-A5FC-F00C5DE49A65}
		{CBB2DC06-91C2-408D-AF5C-6BE467A0946D} = {EBD9B513-4728-4818-B6E4-563189BF6BA3}
		{EF36B481-7473-417B-AB68-C62A37F54D55} = {EBD9B513-4728-4818-B6E4-563189BF6BA3}
		{F7D8DDBA-645D-402C-9D48-6B667F45744A} = {EBD9B513-4728-4818-B6E4-563189BF6BA3}
		{8792E97B-B40B-4C59-B7E8-E5CF5F9BE34B} = {EBD9B513-4728-4818-B6E4-563189BF6BA3}
		{F4FAA417-CF3C-4AA2-B7AB-8E323A79378C} = {EBD9B513-4728-4818-B6E4-563189BF6BA3}
		{65779CD7-FC08-4700-8CB6-53BC4D3969FF} = {EBD9B513-4728-4818-B6E4-563189BF6BA3}
		{6FA8BBD1-8947-4ED7-BD8E-35AF96ACC708} = {EBD9B513-4728-4818-B6E4-563189BF6BA3}
		{3275DFEA-74A4-404E-8E99-B16AA2338C6D} = {0FE48645-0EE6-42C0-97F2-0E76C9951C82}
		{CD356112-6328-4435-A4BD-2141123C3021} = {0FE48645-0EE6-42C0-97F2-0E76C9951C82}
		{94764D4D-F4B5-4CCF-827B-0333AF69E2BB} = {0FE48645-0EE6-42C0-97F2-0E76C9951C82}
		{BF713EA3-0D56-43EC-88E5-44CCF5C74A9E} = {0FE48645-0EE6-42C0-97F2-0E76C9951C82}
		{225C2EFB-D7E9-4A16-B9D8-C81A08F3597B} = {0FE48645-0EE6-42C0-97F2-0E76C9951C82}
		{5B1E10C2-C229-4AC6-8A2C-4DBD28930A17} = {0FE48645-0EE6-42C0-97F2-0E76C9951C82}
		{0A90D1F7-7F64-4ACD-B383-11278952C75C} = {0A90D1F7-7F64-4ACD-B383-11278952C75C}
		{9A81EC29-300D-4772-802B-3D13F0B97BB2} = {0FE48645-0EE6-42C0-97F2-0E76C9951C82}
		{0F05A2B1-326B-437A-96D3-ACC5155E12C1} = {CA583FF5-19B5-4A48-86D7-0EC73C95B1E5}
		{342F6480-3E23-4E4B-9E6E-0AE9C677A8A7} = {CA583FF5-19B5-4A48-86D7-0EC73C95B1E5}
		{B74903D2-6DF2-46C8-B56C-C6AFEA48EF08} = {CA583FF5-19B5-4A48-86D7-0EC73C95B1E5}
		{F5AE2F7D-41E5-463A-A82F-81FD38242B2D} = {F5AE2F7D-41E5-463A-A82F-81FD38242B2D}
		{E00044A6-5814-43BA-B27C-4475CA16037A} = {CA583FF5-19B5-4A48-86D7-0EC73C95B1E5}
		{42579A58-A5F2-47EA-BF2C-806AD5C298B9} = {CA583FF5-19B5-4A48-86D7-0EC73C95B1E5}
		{33F818FE-05A1-4006-8CCF-594EBFBB7805} = {A9AA89F3-F56C-4CAB-AB6A-BEDB32575448}
		{CFCCE0F6-BC47-4C82-8685-39D5586AD0BA} = {A9AA89F3-F56C-4CAB-AB6A-BEDB32575448}
		{34AEF19C-4D41-4E30-A193-F85DC42247A9} = {369E2FD5-74D8-4AA4-BBFB-74230EBE84B2}
		{047501B8-2604-4F24-AD34-818D8B4D2B7E} = {369E2FD5-74D8-4AA4-BBFB-74230EBE84B2}
		{51786FA9-8664-411B-8650-4CF18E29B094} = {369E2FD5-74D8-4AA4-BBFB-74230EBE84B2}
		{1128E50A-1B2A-40CE-96AA-4C5A4891AC67} = {A9AA89F3-F56C-4CAB-AB6A-BEDB32575448}
		{6B457737-8C97-4100-B46F-377E4E858F03} = {369E2FD5-74D8-4AA4-BBFB-74230EBE84B2}
		{437D0BA1-6C20-45E2-9A39-17FCE55AA293} = {369E2FD5-74D8-4AA4-BBFB-74230EBE84B2}
	EndGlobalSection
EndGlobal
