
Microsoft Visual Studio Solution File, Format Version 12.00
# Visual Studio Version 17
VisualStudioVersion = 17.5.002.0
MinimumVisualStudioVersion = 10.0.40219.1
Project("{9A19103F-16F7-4668-BE54-9A1E7A4F7556}") = "first project", "first project\first project.csproj", "{437D0BA1-6C20-45E2-9A39-17FCE55AA293}"
EndProject
Project("{FAE04EC0-301F-11D3-BF4B-00C04F79EFBC}") = "project 2", "project 2\project 2.csproj", "{6B457737-8C97-4100-B46F-377E4E858F03}"
EndProject
Project("{2150E333-8FDC-42A3-9474-1A3956D46DE8}") = "Day1", "Day1", "{369E2FD5-74D8-4AA4-BBFB-74230EBE84B2}"
EndProject
Project("{FAE04EC0-301F-11D3-BF4B-00C04F79EFBC}") = "Kumi", "Kumi\Kumi.csproj", "{34AEF19C-4D41-4E30-A193-F85DC42247A9}"
EndProject
Project("{FAE04EC0-301F-11D3-BF4B-00C04F79EFBC}") = "Home", "Home\Home.csproj", "{047501B8-2604-4F24-AD34-818D8B4D2B7E}"
EndProject
Project("{FAE04EC0-301F-11D3-BF4B-00C04F79EFBC}") = "Cat", "Cat\Cat.csproj", "{51786FA9-8664-411B-8650-4CF18E29B094}"
EndProject
Project("{FAE04EC0-301F-11D3-BF4B-00C04F79EFBC}") = "Calculator", "Calculator\Calculator.csproj", "{1128E50A-1B2A-40CE-96AA-4C5A4891AC67}"
EndProject
Project("{2150E333-8FDC-42A3-9474-1A3956D46DE8}") = "Day2", "Day2", "{A9AA89F3-F56C-4CAB-AB6A-BEDB32575448}"
EndProject
Project("{FAE04EC0-301F-11D3-BF4B-00C04F79EFBC}") = "Constractor", "Constractor\Constractor.csproj", "{CFCCE0F6-BC47-4C82-8685-39D5586AD0BA}"
EndProject
Project("{FAE04EC0-301F-11D3-BF4B-00C04F79EFBC}") = "Constructor Default", "Constructor Default\Constructor Default.csproj", "{33F818FE-05A1-4006-8CCF-594EBFBB7805}"
EndProject
Project("{FAE04EC0-301F-11D3-BF4B-00C04F79EFBC}") = "Composition", "Composition\Composition.csproj", "{42579A58-A5F2-47EA-BF2C-806AD5C298B9}"
EndProject
Project("{2150E333-8FDC-42A3-9474-1A3956D46DE8}") = "Day3", "Day3", "{CA583FF5-19B5-4A48-86D7-0EC73C95B1E5}"
EndProject
Project("{FAE04EC0-301F-11D3-BF4B-00C04F79EFBC}") = "Inheritance", "Inheritance\Inheritance.csproj", "{E00044A6-5814-43BA-B27C-4475CA16037A}"
EndProject
Project("{FAE04EC0-301F-11D3-BF4B-00C04F79EFBC}") = "Inheritance2", "Inheritance2\Inheritance2.csproj", "{B74903D2-6DF2-46C8-B56C-C6AFEA48EF08}"
EndProject
Project("{FAE04EC0-301F-11D3-BF4B-00C04F79EFBC}") = "Inheritance composition", "Inheritance3\Inheritance3.csproj", "{F5AE2F7D-41E5-463A-A82F-81FD38242B2D}"
EndProject
Project("{FAE04EC0-301F-11D3-BF4B-00C04F79EFBC}") = "Inheritance Composition", "Inheritance Composition\Inheritance Composition.csproj", "{342F6480-3E23-4E4B-9E6E-0AE9C677A8A7}"
EndProject
Project("{FAE04EC0-301F-11D3-BF4B-00C04F79EFBC}") = "Inheritance Exercise", "Inheritance Exercise\Inheritance Exercise.csproj", "{0F05A2B1-326B-437A-96D3-ACC5155E12C1}"
EndProject
Global
	GlobalSection(SolutionConfigurationPlatforms) = preSolution
		Debug|Any CPU = Debug|Any CPU
		Release|Any CPU = Release|Any CPU
	EndGlobalSection
	GlobalSection(ProjectConfigurationPlatforms) = postSolution
		{437D0BA1-6C20-45E2-9A39-17FCE55AA293}.Debug|Any CPU.ActiveCfg = Debug|Any CPU
		{437D0BA1-6C20-45E2-9A39-17FCE55AA293}.Debug|Any CPU.Build.0 = Debug|Any CPU
		{437D0BA1-6C20-45E2-9A39-17FCE55AA293}.Release|Any CPU.ActiveCfg = Release|Any CPU
		{437D0BA1-6C20-45E2-9A39-17FCE55AA293}.Release|Any CPU.Build.0 = Release|Any CPU
		{6B457737-8C97-4100-B46F-377E4E858F03}.Debug|Any CPU.ActiveCfg = Debug|Any CPU
		{6B457737-8C97-4100-B46F-377E4E858F03}.Debug|Any CPU.Build.0 = Debug|Any CPU
		{6B457737-8C97-4100-B46F-377E4E858F03}.Release|Any CPU.ActiveCfg = Release|Any CPU
		{6B457737-8C97-4100-B46F-377E4E858F03}.Release|Any CPU.Build.0 = Release|Any CPU
		{34AEF19C-4D41-4E30-A193-F85DC42247A9}.Debug|Any CPU.ActiveCfg = Debug|Any CPU
		{34AEF19C-4D41-4E30-A193-F85DC42247A9}.Debug|Any CPU.Build.0 = Debug|Any CPU
		{34AEF19C-4D41-4E30-A193-F85DC42247A9}.Release|Any CPU.ActiveCfg = Release|Any CPU
		{34AEF19C-4D41-4E30-A193-F85DC42247A9}.Release|Any CPU.Build.0 = Release|Any CPU
		{047501B8-2604-4F24-AD34-818D8B4D2B7E}.Debug|Any CPU.ActiveCfg = Debug|Any CPU
		{047501B8-2604-4F24-AD34-818D8B4D2B7E}.Debug|Any CPU.Build.0 = Debug|Any CPU
		{047501B8-2604-4F24-AD34-818D8B4D2B7E}.Release|Any CPU.ActiveCfg = Release|Any CPU
		{047501B8-2604-4F24-AD34-818D8B4D2B7E}.Release|Any CPU.Build.0 = Release|Any CPU
		{51786FA9-8664-411B-8650-4CF18E29B094}.Debug|Any CPU.ActiveCfg = Debug|Any CPU
		{51786FA9-8664-411B-8650-4CF18E29B094}.Debug|Any CPU.Build.0 = Debug|Any CPU
		{51786FA9-8664-411B-8650-4CF18E29B094}.Release|Any CPU.ActiveCfg = Release|Any CPU
		{51786FA9-8664-411B-8650-4CF18E29B094}.Release|Any CPU.Build.0 = Release|Any CPU
		{1128E50A-1B2A-40CE-96AA-4C5A4891AC67}.Debug|Any CPU.ActiveCfg = Debug|Any CPU
		{1128E50A-1B2A-40CE-96AA-4C5A4891AC67}.Debug|Any CPU.Build.0 = Debug|Any CPU
		{1128E50A-1B2A-40CE-96AA-4C5A4891AC67}.Release|Any CPU.ActiveCfg = Release|Any CPU
		{1128E50A-1B2A-40CE-96AA-4C5A4891AC67}.Release|Any CPU.Build.0 = Release|Any CPU
		{CFCCE0F6-BC47-4C82-8685-39D5586AD0BA}.Debug|Any CPU.ActiveCfg = Debug|Any CPU
		{CFCCE0F6-BC47-4C82-8685-39D5586AD0BA}.Debug|Any CPU.Build.0 = Debug|Any CPU
		{CFCCE0F6-BC47-4C82-8685-39D5586AD0BA}.Release|Any CPU.ActiveCfg = Release|Any CPU
		{CFCCE0F6-BC47-4C82-8685-39D5586AD0BA}.Release|Any CPU.Build.0 = Release|Any CPU
		{33F818FE-05A1-4006-8CCF-594EBFBB7805}.Debug|Any CPU.ActiveCfg = Debug|Any CPU
		{33F818FE-05A1-4006-8CCF-594EBFBB7805}.Debug|Any CPU.Build.0 = Debug|Any CPU
		{33F818FE-05A1-4006-8CCF-594EBFBB7805}.Release|Any CPU.ActiveCfg = Release|Any CPU
		{33F818FE-05A1-4006-8CCF-594EBFBB7805}.Release|Any CPU.Build.0 = Release|Any CPU
		{42579A58-A5F2-47EA-BF2C-806AD5C298B9}.Debug|Any CPU.ActiveCfg = Debug|Any CPU
		{42579A58-A5F2-47EA-BF2C-806AD5C298B9}.Debug|Any CPU.Build.0 = Debug|Any CPU
		{42579A58-A5F2-47EA-BF2C-806AD5C298B9}.Release|Any CPU.ActiveCfg = Release|Any CPU
		{42579A58-A5F2-47EA-BF2C-806AD5C298B9}.Release|Any CPU.Build.0 = Release|Any CPU
		{E00044A6-5814-43BA-B27C-4475CA16037A}.Debug|Any CPU.ActiveCfg = Debug|Any CPU
		{E00044A6-5814-43BA-B27C-4475CA16037A}.Debug|Any CPU.Build.0 = Debug|Any CPU
		{E00044A6-5814-43BA-B27C-4475CA16037A}.Release|Any CPU.ActiveCfg = Release|Any CPU
		{E00044A6-5814-43BA-B27C-4475CA16037A}.Release|Any CPU.Build.0 = Release|Any CPU
		{B74903D2-6DF2-46C8-B56C-C6AFEA48EF08}.Debug|Any CPU.ActiveCfg = Debug|Any CPU
		{B74903D2-6DF2-46C8-B56C-C6AFEA48EF08}.Debug|Any CPU.Build.0 = Debug|Any CPU
		{B74903D2-6DF2-46C8-B56C-C6AFEA48EF08}.Release|Any CPU.ActiveCfg = Release|Any CPU
		{B74903D2-6DF2-46C8-B56C-C6AFEA48EF08}.Release|Any CPU.Build.0 = Release|Any CPU
		{F5AE2F7D-41E5-463A-A82F-81FD38242B2D}.Debug|Any CPU.ActiveCfg = Debug|Any CPU
		{F5AE2F7D-41E5-463A-A82F-81FD38242B2D}.Debug|Any CPU.Build.0 = Debug|Any CPU
		{F5AE2F7D-41E5-463A-A82F-81FD38242B2D}.Release|Any CPU.ActiveCfg = Release|Any CPU
		{F5AE2F7D-41E5-463A-A82F-81FD38242B2D}.Release|Any CPU.Build.0 = Release|Any CPU
		{342F6480-3E23-4E4B-9E6E-0AE9C677A8A7}.Debug|Any CPU.ActiveCfg = Debug|Any CPU
		{342F6480-3E23-4E4B-9E6E-0AE9C677A8A7}.Debug|Any CPU.Build.0 = Debug|Any CPU
		{342F6480-3E23-4E4B-9E6E-0AE9C677A8A7}.Release|Any CPU.ActiveCfg = Release|Any CPU
		{342F6480-3E23-4E4B-9E6E-0AE9C677A8A7}.Release|Any CPU.Build.0 = Release|Any CPU
		{0F05A2B1-326B-437A-96D3-ACC5155E12C1}.Debug|Any CPU.ActiveCfg = Debug|Any CPU
		{0F05A2B1-326B-437A-96D3-ACC5155E12C1}.Debug|Any CPU.Build.0 = Debug|Any CPU
		{0F05A2B1-326B-437A-96D3-ACC5155E12C1}.Release|Any CPU.ActiveCfg = Release|Any CPU
		{0F05A2B1-326B-437A-96D3-ACC5155E12C1}.Release|Any CPU.Build.0 = Release|Any CPU
	EndGlobalSection
	GlobalSection(SolutionProperties) = preSolution
		HideSolutionNode = FALSE
	EndGlobalSection
	GlobalSection(ExtensibilityGlobals) = postSolution
		SolutionGuid = {604CFC4D-5CF0-4EBF-BB1C-C5DDB6A078DC}
	EndGlobalSection
	GlobalSection(NestedProjects) = preSolution
		{342F6480-3E23-4E4B-9E6E-0AE9C677A8A7} = {CA583FF5-19B5-4A48-86D7-0EC73C95B1E5}
		{B74903D2-6DF2-46C8-B56C-C6AFEA48EF08} = {CA583FF5-19B5-4A48-86D7-0EC73C95B1E5}
		{F5AE2F7D-41E5-463A-A82F-81FD38242B2D} = {F5AE2F7D-41E5-463A-A82F-81FD38242B2D}
		{E00044A6-5814-43BA-B27C-4475CA16037A} = {CA583FF5-19B5-4A48-86D7-0EC73C95B1E5}
		{42579A58-A5F2-47EA-BF2C-806AD5C298B9} = {CA583FF5-19B5-4A48-86D7-0EC73C95B1E5}
		{33F818FE-05A1-4006-8CCF-594EBFBB7805} = {A9AA89F3-F56C-4CAB-AB6A-BEDB32575448}
		{CFCCE0F6-BC47-4C82-8685-39D5586AD0BA} = {A9AA89F3-F56C-4CAB-AB6A-BEDB32575448}
		{34AEF19C-4D41-4E30-A193-F85DC42247A9} = {369E2FD5-74D8-4AA4-BBFB-74230EBE84B2}
		{047501B8-2604-4F24-AD34-818D8B4D2B7E} = {369E2FD5-74D8-4AA4-BBFB-74230EBE84B2}
		{51786FA9-8664-411B-8650-4CF18E29B094} = {369E2FD5-74D8-4AA4-BBFB-74230EBE84B2}
		{1128E50A-1B2A-40CE-96AA-4C5A4891AC67} = {A9AA89F3-F56C-4CAB-AB6A-BEDB32575448}
		{6B457737-8C97-4100-B46F-377E4E858F03} = {369E2FD5-74D8-4AA4-BBFB-74230EBE84B2}
		{437D0BA1-6C20-45E2-9A39-17FCE55AA293} = {369E2FD5-74D8-4AA4-BBFB-74230EBE84B2}
	EndGlobalSection
EndGlobal
